
Microsoft Visual Studio Solution File, Format Version 10.00
# Visual Studio 2008
# SharpDevelop 3.0.0.3800
Project("{FAE04EC0-301F-11D3-BF4B-00C04F79EFBC}") = "WATFDemo", "WATFDemo\WATFDemo.csproj", "{94A9E6FD-64D4-4EFC-9389-949AFD439980}"
EndProject
Global
	GlobalSection(SolutionConfigurationPlatforms) = preSolution
		Debug|Any CPU = Debug|Any CPU
		Release|Any CPU = Release|Any CPU
	EndGlobalSection
	GlobalSection(ProjectConfigurationPlatforms) = postSolution
		{94A9E6FD-64D4-4EFC-9389-949AFD439980}.Debug|Any CPU.Build.0 = Debug|Any CPU
		{94A9E6FD-64D4-4EFC-9389-949AFD439980}.Debug|Any CPU.ActiveCfg = Debug|Any CPU
		{94A9E6FD-64D4-4EFC-9389-949AFD439980}.Release|Any CPU.Build.0 = Release|Any CPU
		{94A9E6FD-64D4-4EFC-9389-949AFD439980}.Release|Any CPU.ActiveCfg = Release|Any CPU
	EndGlobalSection
EndGlobal
